
Microsoft Visual Studio Solution File, Format Version 12.00
# Visual Studio 15
VisualStudioVersion = 15.0.28307.779
MinimumVisualStudioVersion = 10.0.40219.1
Project("{FAE04EC0-301F-11D3-BF4B-00C04F79EFBC}") = "GarciaMP1-1", "GarciaMP1-1\GarciaMP1-1.csproj", "{7CD2224E-D5A0-48CF-B185-A4CC17FCBA47}"
EndProject
Global
	GlobalSection(SolutionConfigurationPlatforms) = preSolution
		Debug|Any CPU = Debug|Any CPU
		Release|Any CPU = Release|Any CPU
	EndGlobalSection
	GlobalSection(ProjectConfigurationPlatforms) = postSolution
		{7CD2224E-D5A0-48CF-B185-A4CC17FCBA47}.Debug|Any CPU.ActiveCfg = Debug|Any CPU
		{7CD2224E-D5A0-48CF-B185-A4CC17FCBA47}.Debug|Any CPU.Build.0 = Debug|Any CPU
		{7CD2224E-D5A0-48CF-B185-A4CC17FCBA47}.Release|Any CPU.ActiveCfg = Release|Any CPU
		{7CD2224E-D5A0-48CF-B185-A4CC17FCBA47}.Release|Any CPU.Build.0 = Release|Any CPU
	EndGlobalSection
	GlobalSection(SolutionProperties) = preSolution
		HideSolutionNode = FALSE
	EndGlobalSection
	GlobalSection(ExtensibilityGlobals) = postSolution
		SolutionGuid = {ED8B55EE-1F5D-4AA1-A630-6067301E227B}
	EndGlobalSection
EndGlobal
