
Microsoft Visual Studio Solution File, Format Version 12.00
# Visual Studio 15
VisualStudioVersion = 15.0.28307.779
MinimumVisualStudioVersion = 10.0.40219.1
Project("{FAE04EC0-301F-11D3-BF4B-00C04F79EFBC}") = "GarciaMP1-3", "GarciaMP1-3\GarciaMP1-3.csproj", "{CF6A508C-0FC4-4F0B-B013-32ED4A71C484}"
EndProject
Global
	GlobalSection(SolutionConfigurationPlatforms) = preSolution
		Debug|Any CPU = Debug|Any CPU
		Release|Any CPU = Release|Any CPU
	EndGlobalSection
	GlobalSection(ProjectConfigurationPlatforms) = postSolution
		{CF6A508C-0FC4-4F0B-B013-32ED4A71C484}.Debug|Any CPU.ActiveCfg = Debug|Any CPU
		{CF6A508C-0FC4-4F0B-B013-32ED4A71C484}.Debug|Any CPU.Build.0 = Debug|Any CPU
		{CF6A508C-0FC4-4F0B-B013-32ED4A71C484}.Release|Any CPU.ActiveCfg = Release|Any CPU
		{CF6A508C-0FC4-4F0B-B013-32ED4A71C484}.Release|Any CPU.Build.0 = Release|Any CPU
	EndGlobalSection
	GlobalSection(SolutionProperties) = preSolution
		HideSolutionNode = FALSE
	EndGlobalSection
	GlobalSection(ExtensibilityGlobals) = postSolution
		SolutionGuid = {6C88615D-1E95-4E19-9747-E278458336EE}
	EndGlobalSection
EndGlobal
